// !$*UTF8*$!
{
	archiveVersion = 1;
	classes = {
	};
	objectVersion = 46;
	objects = {

/* Begin PBXBuildFile section */
		0104A5101AD837E800173F96 /* PeopleDelegate.swift in Sources */ = {isa = PBXBuildFile; fileRef = 0104A50F1AD837E800173F96 /* PeopleDelegate.swift */; };
		0108DD881B0B06FC00EBF185 /* Constants.swift in Sources */ = {isa = PBXBuildFile; fileRef = 0108DD871B0B06FC00EBF185 /* Constants.swift */; };
		010AEBD11ACE239D0066E4FA /* PeopleCell.swift in Sources */ = {isa = PBXBuildFile; fileRef = 010AEBCE1ACE239D0066E4FA /* PeopleCell.swift */; };
		010AEBD21ACE239D0066E4FA /* PeopleManager.swift in Sources */ = {isa = PBXBuildFile; fileRef = 010AEBCF1ACE239D0066E4FA /* PeopleManager.swift */; };
		010AEBD31ACE239D0066E4FA /* PeopleTableViewController.swift in Sources */ = {isa = PBXBuildFile; fileRef = 010AEBD01ACE239D0066E4FA /* PeopleTableViewController.swift */; };
		01153FA61AB2980100B96401 /* PeopleSettingsViewController.swift in Sources */ = {isa = PBXBuildFile; fileRef = 01153FA51AB2980100B96401 /* PeopleSettingsViewController.swift */; };
		01266BC31AB0F03F003D2354 /* ProfileViewController.swift in Sources */ = {isa = PBXBuildFile; fileRef = 01266BC11AB0F03F003D2354 /* ProfileViewController.swift */; };
		012C27C61AAB7CEE0024F5C3 /* AppDelegate.swift in Sources */ = {isa = PBXBuildFile; fileRef = 012C27C51AAB7CEE0024F5C3 /* AppDelegate.swift */; };
		012C27CD1AAB7CEE0024F5C3 /* Main.storyboard in Resources */ = {isa = PBXBuildFile; fileRef = 012C27CB1AAB7CEE0024F5C3 /* Main.storyboard */; };
		012C27CF1AAB7CEE0024F5C3 /* Images.xcassets in Resources */ = {isa = PBXBuildFile; fileRef = 012C27CE1AAB7CEE0024F5C3 /* Images.xcassets */; };
		012C27D21AAB7CEE0024F5C3 /* LaunchScreen.xib in Resources */ = {isa = PBXBuildFile; fileRef = 012C27D01AAB7CEE0024F5C3 /* LaunchScreen.xib */; };
		012C27DE1AAB7CEE0024F5C3 /* MusiciansWantedTests.swift in Sources */ = {isa = PBXBuildFile; fileRef = 012C27DD1AAB7CEE0024F5C3 /* MusiciansWantedTests.swift */; };
		012EDCD91B0BC19800E4DB72 /* MessagesViewController.swift in Sources */ = {isa = PBXBuildFile; fileRef = 012EDCD81B0BC19800E4DB72 /* MessagesViewController.swift */; };
		012EDCDB1B0C1AD300E4DB72 /* MessageManager.swift in Sources */ = {isa = PBXBuildFile; fileRef = 012EDCDA1B0C1AD300E4DB72 /* MessageManager.swift */; };
		012EDCDD1B0C1B9600E4DB72 /* MessageDelegate.swift in Sources */ = {isa = PBXBuildFile; fileRef = 012EDCDC1B0C1B9600E4DB72 /* MessageDelegate.swift */; };
		0147AFF71B0897AA00674CD4 /* InstruCell.swift in Sources */ = {isa = PBXBuildFile; fileRef = 0147AFF61B0897AA00674CD4 /* InstruCell.swift */; };
		014A67321ADAD18300729E82 /* EventViewController.swift in Sources */ = {isa = PBXBuildFile; fileRef = 014A67311ADAD18300729E82 /* EventViewController.swift */; };
		014C5C0A1AD97645008680D0 /* EventsDelegate.swift in Sources */ = {isa = PBXBuildFile; fileRef = 014C5C091AD97645008680D0 /* EventsDelegate.swift */; };
		01A4FA5F1B0EB039002CA0C0 /* NewMessageViewController.swift in Sources */ = {isa = PBXBuildFile; fileRef = 01A4FA5E1B0EB039002CA0C0 /* NewMessageViewController.swift */; };
		01A4FA611B0EB384002CA0C0 /* ToContactCell.swift in Sources */ = {isa = PBXBuildFile; fileRef = 01A4FA601B0EB384002CA0C0 /* ToContactCell.swift */; };
		01A4FA651B0EFA50002CA0C0 /* SelectContactsViewController.swift in Sources */ = {isa = PBXBuildFile; fileRef = 01A4FA641B0EFA50002CA0C0 /* SelectContactsViewController.swift */; };
		01B594161AB35B090044AA16 /* InboxManager.swift in Sources */ = {isa = PBXBuildFile; fileRef = 01B594151AB35B090044AA16 /* InboxManager.swift */; };
		01EA06431B0810FC00DBD350 /* GenreCell.swift in Sources */ = {isa = PBXBuildFile; fileRef = 01EA06421B0810FC00DBD350 /* GenreCell.swift */; };
		01EF02981B0B2BD0002227F9 /* MessageBubbleCell.swift in Sources */ = {isa = PBXBuildFile; fileRef = 01EF02971B0B2BD0002227F9 /* MessageBubbleCell.swift */; };
		01F50F931AB20E4300FE9051 /* GlobalTabBarController.swift in Sources */ = {isa = PBXBuildFile; fileRef = 01F50F921AB20E4300FE9051 /* GlobalTabBarController.swift */; };
		01FCDE841ACF0500002F3A56 /* InboxTableViewController.swift in Sources */ = {isa = PBXBuildFile; fileRef = 01FCDE831ACF0500002F3A56 /* InboxTableViewController.swift */; };
		01FCDE861ACF05EA002F3A56 /* InboxCell.swift in Sources */ = {isa = PBXBuildFile; fileRef = 01FCDE851ACF05EA002F3A56 /* InboxCell.swift */; };
		09D698A591F3D8F3224F63C1 /* libPods.a in Frameworks */ = {isa = PBXBuildFile; fileRef = 7E375FC571E426EA4D919A0A /* libPods.a */; };
		442E54F01AE1979300718014 /* FeedTableViewController.swift in Sources */ = {isa = PBXBuildFile; fileRef = 442E54EF1AE1979300718014 /* FeedTableViewController.swift */; };
		4434D3DE1AD9D02400344B04 /* PersonViewController.swift in Sources */ = {isa = PBXBuildFile; fileRef = 4434D3DD1AD9D02400344B04 /* PersonViewController.swift */; };
		444452F71B0D08E5000BD5B1 /* EventsInterfaceController.swift in Sources */ = {isa = PBXBuildFile; fileRef = 444452F41B0D0842000BD5B1 /* EventsInterfaceController.swift */; };
		44470F551AC884F30077B042 /* EditProfileViewController.swift in Sources */ = {isa = PBXBuildFile; fileRef = 44470F541AC884F30077B042 /* EditProfileViewController.swift */; };
		444951C01AD719640013A4DD /* FeedViewTableCell.swift in Sources */ = {isa = PBXBuildFile; fileRef = 444951BF1AD719640013A4DD /* FeedViewTableCell.swift */; };
		444951C21AD71B3D0013A4DD /* FeedViewDataManager.swift in Sources */ = {isa = PBXBuildFile; fileRef = 444951C11AD71B3D0013A4DD /* FeedViewDataManager.swift */; };
		444951C41AD72B420013A4DD /* Notification.swift in Sources */ = {isa = PBXBuildFile; fileRef = 444951C31AD72B420013A4DD /* Notification.swift */; };
		44566E871ACB4E3200D9F6A4 /* Toucan.swift in Sources */ = {isa = PBXBuildFile; fileRef = 44566E861ACB4E3200D9F6A4 /* Toucan.swift */; };
		446ED1F21B0922C500855F58 /* MusicianRequestTableViewController.swift in Sources */ = {isa = PBXBuildFile; fileRef = 446ED1F11B0922C500855F58 /* MusicianRequestTableViewController.swift */; };
		449935CB1B123FB500467B0B /* PersonRow.swift in Sources */ = {isa = PBXBuildFile; fileRef = 449935CA1B123FB500467B0B /* PersonRow.swift */; };
		449935CD1B12404F00467B0B /* PeopleInterfaceController.swift in Sources */ = {isa = PBXBuildFile; fileRef = 449935CC1B12404F00467B0B /* PeopleInterfaceController.swift */; };
		44A2CF151B0D2155000856C1 /* EventRow.swift in Sources */ = {isa = PBXBuildFile; fileRef = 44A2CF141B0D2155000856C1 /* EventRow.swift */; };
		44C1CE761B179855006D2C29 /* FeedSettingsTableViewController.swift in Sources */ = {isa = PBXBuildFile; fileRef = 44C1CE751B179855006D2C29 /* FeedSettingsTableViewController.swift */; };
		44C1CE781B17A478006D2C29 /* PriorityQueue.swift in Sources */ = {isa = PBXBuildFile; fileRef = 44C1CE771B17A478006D2C29 /* PriorityQueue.swift */; };
		44C1CE7A1B17A579006D2C29 /* redblacktree.swift in Sources */ = {isa = PBXBuildFile; fileRef = 44C1CE791B17A579006D2C29 /* redblacktree.swift */; };
		44C1D55A1ADCA375006388E5 /* EventMapViewController.swift in Sources */ = {isa = PBXBuildFile; fileRef = 44C1D5591ADCA375006388E5 /* EventMapViewController.swift */; };
		44C1D55C1ADCAFD5006388E5 /* EventMapData.swift in Sources */ = {isa = PBXBuildFile; fileRef = 44C1D55B1ADCAFD5006388E5 /* EventMapData.swift */; };
		44CFD5231AE73F7900E536F3 /* ContactsDataManager.swift in Sources */ = {isa = PBXBuildFile; fileRef = 44CFD5221AE73F7900E536F3 /* ContactsDataManager.swift */; };
		44CFD5251AE73F9600E536F3 /* Contact.swift in Sources */ = {isa = PBXBuildFile; fileRef = 44CFD5241AE73F9600E536F3 /* Contact.swift */; };
		44CFD5271AE7407900E536F3 /* ContactTableDelegate.swift in Sources */ = {isa = PBXBuildFile; fileRef = 44CFD5261AE7407900E536F3 /* ContactTableDelegate.swift */; };
		44D0F3E71B0BDAB80030CAE2 /* Images.xcassets in Resources */ = {isa = PBXBuildFile; fileRef = 44D0F3E61B0BDAB80030CAE2 /* Images.xcassets */; };
		44D0F3EB1B0BDAB90030CAE2 /* MW WatchKit App.app in Resources */ = {isa = PBXBuildFile; fileRef = 44D0F3EA1B0BDAB90030CAE2 /* MW WatchKit App.app */; };
		44D0F3F31B0BDAB90030CAE2 /* Interface.storyboard in Resources */ = {isa = PBXBuildFile; fileRef = 44D0F3F11B0BDAB90030CAE2 /* Interface.storyboard */; };
		44D0F3F51B0BDAB90030CAE2 /* Images.xcassets in Resources */ = {isa = PBXBuildFile; fileRef = 44D0F3F41B0BDAB90030CAE2 /* Images.xcassets */; };
		44D0F3F81B0BDAB90030CAE2 /* MW WatchKit Extension.appex in Embed App Extensions */ = {isa = PBXBuildFile; fileRef = 44D0F3E01B0BDAB80030CAE2 /* MW WatchKit Extension.appex */; settings = {ATTRIBUTES = (RemoveHeadersOnCopy, ); }; };
		44D3089F1ACB32350000F435 /* ApiData.swift in Sources */ = {isa = PBXBuildFile; fileRef = 44D3089E1ACB32350000F435 /* ApiData.swift */; };
		44D308A11ACB323D0000F435 /* LogInViewController.swift in Sources */ = {isa = PBXBuildFile; fileRef = 44D308A01ACB323D0000F435 /* LogInViewController.swift */; };
		44D308A31ACB32450000F435 /* SweetAlert copy.swift in Sources */ = {isa = PBXBuildFile; fileRef = 44D308A21ACB32450000F435 /* SweetAlert copy.swift */; };
		44D308A51ACB324E0000F435 /* SwiftyJSON.swift in Sources */ = {isa = PBXBuildFile; fileRef = 44D308A41ACB324E0000F435 /* SwiftyJSON.swift */; };
		44D308A71ACB32560000F435 /* DataManager.swift in Sources */ = {isa = PBXBuildFile; fileRef = 44D308A61ACB32560000F435 /* DataManager.swift */; };
		44DFBAAF1AD7731E00DDA8AB /* FeedViewDelegate.swift in Sources */ = {isa = PBXBuildFile; fileRef = 44DFBAAE1AD7731E00DDA8AB /* FeedViewDelegate.swift */; };
		AD37E3AC1AEAAF2C0051B737 /* AddEventViewController.swift in Sources */ = {isa = PBXBuildFile; fileRef = AD37E3AB1AEAAF2C0051B737 /* AddEventViewController.swift */; };
		AD6771181ADB588700E5BF7F /* AWS.m in Sources */ = {isa = PBXBuildFile; fileRef = AD6771171ADB588700E5BF7F /* AWS.m */; };
		AD85DC5F1AD452C400D6E369 /* EventsManager.swift in Sources */ = {isa = PBXBuildFile; fileRef = AD85DC5E1AD452C400D6E369 /* EventsManager.swift */; };
		AD85DC611AD45F2800D6E369 /* EventsCell.swift in Sources */ = {isa = PBXBuildFile; fileRef = AD85DC601AD45F2800D6E369 /* EventsCell.swift */; };
		AD97B1351AD2C06B007645C1 /* EventsTableViewController.swift in Sources */ = {isa = PBXBuildFile; fileRef = AD97B1341AD2C06B007645C1 /* EventsTableViewController.swift */; };
/* End PBXBuildFile section */

/* Begin PBXContainerItemProxy section */
		012C27D81AAB7CEE0024F5C3 /* PBXContainerItemProxy */ = {
			isa = PBXContainerItemProxy;
			containerPortal = 012C27B81AAB7CEE0024F5C3 /* Project object */;
			proxyType = 1;
			remoteGlobalIDString = 012C27BF1AAB7CEE0024F5C3;
			remoteInfo = MusiciansWanted;
		};
		44D0F3EC1B0BDAB90030CAE2 /* PBXContainerItemProxy */ = {
			isa = PBXContainerItemProxy;
			containerPortal = 012C27B81AAB7CEE0024F5C3 /* Project object */;
			proxyType = 1;
			remoteGlobalIDString = 44D0F3E91B0BDAB90030CAE2;
			remoteInfo = "MW WatchKit App";
		};
		44D0F3F61B0BDAB90030CAE2 /* PBXContainerItemProxy */ = {
			isa = PBXContainerItemProxy;
			containerPortal = 012C27B81AAB7CEE0024F5C3 /* Project object */;
			proxyType = 1;
			remoteGlobalIDString = 44D0F3DF1B0BDAB80030CAE2;
			remoteInfo = "MW WatchKit Extension";
		};
/* End PBXContainerItemProxy section */

/* Begin PBXCopyFilesBuildPhase section */
		44D0F3FF1B0BDAB90030CAE2 /* Embed App Extensions */ = {
			isa = PBXCopyFilesBuildPhase;
			buildActionMask = 2147483647;
			dstPath = "";
			dstSubfolderSpec = 13;
			files = (
				44D0F3F81B0BDAB90030CAE2 /* MW WatchKit Extension.appex in Embed App Extensions */,
			);
			name = "Embed App Extensions";
			runOnlyForDeploymentPostprocessing = 0;
		};
/* End PBXCopyFilesBuildPhase section */

/* Begin PBXFileReference section */
		0104A50F1AD837E800173F96 /* PeopleDelegate.swift */ = {isa = PBXFileReference; fileEncoding = 4; lastKnownFileType = sourcecode.swift; path = PeopleDelegate.swift; sourceTree = "<group>"; };
		0108DD871B0B06FC00EBF185 /* Constants.swift */ = {isa = PBXFileReference; fileEncoding = 4; lastKnownFileType = sourcecode.swift; path = Constants.swift; sourceTree = "<group>"; };
		010AEBCE1ACE239D0066E4FA /* PeopleCell.swift */ = {isa = PBXFileReference; fileEncoding = 4; lastKnownFileType = sourcecode.swift; path = PeopleCell.swift; sourceTree = "<group>"; };
		010AEBCF1ACE239D0066E4FA /* PeopleManager.swift */ = {isa = PBXFileReference; fileEncoding = 4; lastKnownFileType = sourcecode.swift; path = PeopleManager.swift; sourceTree = "<group>"; };
		010AEBD01ACE239D0066E4FA /* PeopleTableViewController.swift */ = {isa = PBXFileReference; fileEncoding = 4; lastKnownFileType = sourcecode.swift; path = PeopleTableViewController.swift; sourceTree = "<group>"; };
		01153FA51AB2980100B96401 /* PeopleSettingsViewController.swift */ = {isa = PBXFileReference; fileEncoding = 4; lastKnownFileType = sourcecode.swift; path = PeopleSettingsViewController.swift; sourceTree = "<group>"; };
		01266BC11AB0F03F003D2354 /* ProfileViewController.swift */ = {isa = PBXFileReference; fileEncoding = 4; lastKnownFileType = sourcecode.swift; path = ProfileViewController.swift; sourceTree = "<group>"; };
		012C27C01AAB7CEE0024F5C3 /* MW.app */ = {isa = PBXFileReference; explicitFileType = wrapper.application; includeInIndex = 0; path = MW.app; sourceTree = BUILT_PRODUCTS_DIR; };
		012C27C41AAB7CEE0024F5C3 /* Info.plist */ = {isa = PBXFileReference; lastKnownFileType = text.plist.xml; path = Info.plist; sourceTree = "<group>"; };
		012C27C51AAB7CEE0024F5C3 /* AppDelegate.swift */ = {isa = PBXFileReference; lastKnownFileType = sourcecode.swift; path = AppDelegate.swift; sourceTree = "<group>"; };
		012C27CC1AAB7CEE0024F5C3 /* Base */ = {isa = PBXFileReference; lastKnownFileType = file.storyboard; name = Base; path = Base.lproj/Main.storyboard; sourceTree = "<group>"; };
		012C27CE1AAB7CEE0024F5C3 /* Images.xcassets */ = {isa = PBXFileReference; lastKnownFileType = folder.assetcatalog; path = Images.xcassets; sourceTree = "<group>"; };
		012C27D11AAB7CEE0024F5C3 /* Base */ = {isa = PBXFileReference; lastKnownFileType = file.xib; name = Base; path = Base.lproj/LaunchScreen.xib; sourceTree = "<group>"; };
		012C27D71AAB7CEE0024F5C3 /* MWTests.xctest */ = {isa = PBXFileReference; explicitFileType = wrapper.cfbundle; includeInIndex = 0; path = MWTests.xctest; sourceTree = BUILT_PRODUCTS_DIR; };
		012C27DC1AAB7CEE0024F5C3 /* Info.plist */ = {isa = PBXFileReference; lastKnownFileType = text.plist.xml; path = Info.plist; sourceTree = "<group>"; };
		012C27DD1AAB7CEE0024F5C3 /* MusiciansWantedTests.swift */ = {isa = PBXFileReference; lastKnownFileType = sourcecode.swift; path = MusiciansWantedTests.swift; sourceTree = "<group>"; };
		012EDCD81B0BC19800E4DB72 /* MessagesViewController.swift */ = {isa = PBXFileReference; fileEncoding = 4; lastKnownFileType = sourcecode.swift; path = MessagesViewController.swift; sourceTree = "<group>"; };
		012EDCDA1B0C1AD300E4DB72 /* MessageManager.swift */ = {isa = PBXFileReference; fileEncoding = 4; lastKnownFileType = sourcecode.swift; path = MessageManager.swift; sourceTree = "<group>"; };
		012EDCDC1B0C1B9600E4DB72 /* MessageDelegate.swift */ = {isa = PBXFileReference; fileEncoding = 4; lastKnownFileType = sourcecode.swift; path = MessageDelegate.swift; sourceTree = "<group>"; };
		0147AFF61B0897AA00674CD4 /* InstruCell.swift */ = {isa = PBXFileReference; fileEncoding = 4; lastKnownFileType = sourcecode.swift; path = InstruCell.swift; sourceTree = "<group>"; };
		014A67311ADAD18300729E82 /* EventViewController.swift */ = {isa = PBXFileReference; fileEncoding = 4; lastKnownFileType = sourcecode.swift; path = EventViewController.swift; sourceTree = "<group>"; };
		014C5C091AD97645008680D0 /* EventsDelegate.swift */ = {isa = PBXFileReference; fileEncoding = 4; lastKnownFileType = sourcecode.swift; path = EventsDelegate.swift; sourceTree = "<group>"; };
		01A4FA5E1B0EB039002CA0C0 /* NewMessageViewController.swift */ = {isa = PBXFileReference; fileEncoding = 4; lastKnownFileType = sourcecode.swift; path = NewMessageViewController.swift; sourceTree = "<group>"; };
		01A4FA601B0EB384002CA0C0 /* ToContactCell.swift */ = {isa = PBXFileReference; fileEncoding = 4; lastKnownFileType = sourcecode.swift; path = ToContactCell.swift; sourceTree = "<group>"; };
		01A4FA641B0EFA50002CA0C0 /* SelectContactsViewController.swift */ = {isa = PBXFileReference; fileEncoding = 4; lastKnownFileType = sourcecode.swift; path = SelectContactsViewController.swift; sourceTree = "<group>"; };
		01B594151AB35B090044AA16 /* InboxManager.swift */ = {isa = PBXFileReference; fileEncoding = 4; lastKnownFileType = sourcecode.swift; path = InboxManager.swift; sourceTree = "<group>"; };
		01EA06421B0810FC00DBD350 /* GenreCell.swift */ = {isa = PBXFileReference; fileEncoding = 4; lastKnownFileType = sourcecode.swift; path = GenreCell.swift; sourceTree = "<group>"; };
		01EF02971B0B2BD0002227F9 /* MessageBubbleCell.swift */ = {isa = PBXFileReference; fileEncoding = 4; lastKnownFileType = sourcecode.swift; path = MessageBubbleCell.swift; sourceTree = "<group>"; };
		01F50F921AB20E4300FE9051 /* GlobalTabBarController.swift */ = {isa = PBXFileReference; fileEncoding = 4; lastKnownFileType = sourcecode.swift; path = GlobalTabBarController.swift; sourceTree = "<group>"; };
		01FCDE831ACF0500002F3A56 /* InboxTableViewController.swift */ = {isa = PBXFileReference; fileEncoding = 4; lastKnownFileType = sourcecode.swift; path = InboxTableViewController.swift; sourceTree = "<group>"; };
		01FCDE851ACF05EA002F3A56 /* InboxCell.swift */ = {isa = PBXFileReference; fileEncoding = 4; lastKnownFileType = sourcecode.swift; path = InboxCell.swift; sourceTree = "<group>"; };
		0E65F3C837786026AA6D9712 /* Pods.release.xcconfig */ = {isa = PBXFileReference; includeInIndex = 1; lastKnownFileType = text.xcconfig; name = Pods.release.xcconfig; path = "Pods/Target Support Files/Pods/Pods.release.xcconfig"; sourceTree = "<group>"; };
		442E54EF1AE1979300718014 /* FeedTableViewController.swift */ = {isa = PBXFileReference; fileEncoding = 4; lastKnownFileType = sourcecode.swift; path = FeedTableViewController.swift; sourceTree = "<group>"; };
		4434D3DD1AD9D02400344B04 /* PersonViewController.swift */ = {isa = PBXFileReference; fileEncoding = 4; lastKnownFileType = sourcecode.swift; path = PersonViewController.swift; sourceTree = "<group>"; };
		444452F41B0D0842000BD5B1 /* EventsInterfaceController.swift */ = {isa = PBXFileReference; fileEncoding = 4; lastKnownFileType = sourcecode.swift; name = EventsInterfaceController.swift; path = Images.xcassets/EventsInterfaceController.swift; sourceTree = "<group>"; };
		44470F541AC884F30077B042 /* EditProfileViewController.swift */ = {isa = PBXFileReference; fileEncoding = 4; lastKnownFileType = sourcecode.swift; path = EditProfileViewController.swift; sourceTree = "<group>"; };
		444951BF1AD719640013A4DD /* FeedViewTableCell.swift */ = {isa = PBXFileReference; fileEncoding = 4; lastKnownFileType = sourcecode.swift; path = FeedViewTableCell.swift; sourceTree = "<group>"; };
		444951C11AD71B3D0013A4DD /* FeedViewDataManager.swift */ = {isa = PBXFileReference; fileEncoding = 4; lastKnownFileType = sourcecode.swift; path = FeedViewDataManager.swift; sourceTree = "<group>"; };
		444951C31AD72B420013A4DD /* Notification.swift */ = {isa = PBXFileReference; fileEncoding = 4; lastKnownFileType = sourcecode.swift; path = Notification.swift; sourceTree = "<group>"; };
		44566E861ACB4E3200D9F6A4 /* Toucan.swift */ = {isa = PBXFileReference; fileEncoding = 4; lastKnownFileType = sourcecode.swift; path = Toucan.swift; sourceTree = "<group>"; };
		446ED1F11B0922C500855F58 /* MusicianRequestTableViewController.swift */ = {isa = PBXFileReference; fileEncoding = 4; lastKnownFileType = sourcecode.swift; path = MusicianRequestTableViewController.swift; sourceTree = "<group>"; };
		449935CA1B123FB500467B0B /* PersonRow.swift */ = {isa = PBXFileReference; fileEncoding = 4; lastKnownFileType = sourcecode.swift; path = PersonRow.swift; sourceTree = "<group>"; };
		449935CC1B12404F00467B0B /* PeopleInterfaceController.swift */ = {isa = PBXFileReference; fileEncoding = 4; lastKnownFileType = sourcecode.swift; path = PeopleInterfaceController.swift; sourceTree = "<group>"; };
		44A2CF141B0D2155000856C1 /* EventRow.swift */ = {isa = PBXFileReference; fileEncoding = 4; lastKnownFileType = sourcecode.swift; path = EventRow.swift; sourceTree = "<group>"; };
		44C1CE751B179855006D2C29 /* FeedSettingsTableViewController.swift */ = {isa = PBXFileReference; fileEncoding = 4; lastKnownFileType = sourcecode.swift; path = FeedSettingsTableViewController.swift; sourceTree = "<group>"; };
		44C1CE771B17A478006D2C29 /* PriorityQueue.swift */ = {isa = PBXFileReference; fileEncoding = 4; lastKnownFileType = sourcecode.swift; path = PriorityQueue.swift; sourceTree = "<group>"; };
		44C1CE791B17A579006D2C29 /* redblacktree.swift */ = {isa = PBXFileReference; fileEncoding = 4; lastKnownFileType = sourcecode.swift; path = redblacktree.swift; sourceTree = "<group>"; };
		44C1D5591ADCA375006388E5 /* EventMapViewController.swift */ = {isa = PBXFileReference; fileEncoding = 4; lastKnownFileType = sourcecode.swift; path = EventMapViewController.swift; sourceTree = "<group>"; };
		44C1D55B1ADCAFD5006388E5 /* EventMapData.swift */ = {isa = PBXFileReference; fileEncoding = 4; lastKnownFileType = sourcecode.swift; path = EventMapData.swift; sourceTree = "<group>"; };
		44CFD5221AE73F7900E536F3 /* ContactsDataManager.swift */ = {isa = PBXFileReference; fileEncoding = 4; lastKnownFileType = sourcecode.swift; path = ContactsDataManager.swift; sourceTree = "<group>"; };
		44CFD5241AE73F9600E536F3 /* Contact.swift */ = {isa = PBXFileReference; fileEncoding = 4; lastKnownFileType = sourcecode.swift; path = Contact.swift; sourceTree = "<group>"; };
		44CFD5261AE7407900E536F3 /* ContactTableDelegate.swift */ = {isa = PBXFileReference; fileEncoding = 4; lastKnownFileType = sourcecode.swift; path = ContactTableDelegate.swift; sourceTree = "<group>"; };
		44D0F3E01B0BDAB80030CAE2 /* MW WatchKit Extension.appex */ = {isa = PBXFileReference; explicitFileType = "wrapper.app-extension"; includeInIndex = 0; path = "MW WatchKit Extension.appex"; sourceTree = BUILT_PRODUCTS_DIR; };
		44D0F3E31B0BDAB80030CAE2 /* Info.plist */ = {isa = PBXFileReference; lastKnownFileType = text.plist.xml; path = Info.plist; sourceTree = "<group>"; };
		44D0F3E61B0BDAB80030CAE2 /* Images.xcassets */ = {isa = PBXFileReference; lastKnownFileType = folder.assetcatalog; path = Images.xcassets; sourceTree = "<group>"; };
		44D0F3EA1B0BDAB90030CAE2 /* MW WatchKit App.app */ = {isa = PBXFileReference; explicitFileType = wrapper.application; includeInIndex = 0; path = "MW WatchKit App.app"; sourceTree = BUILT_PRODUCTS_DIR; };
		44D0F3F01B0BDAB90030CAE2 /* Info.plist */ = {isa = PBXFileReference; lastKnownFileType = text.plist.xml; path = Info.plist; sourceTree = "<group>"; };
		44D0F3F21B0BDAB90030CAE2 /* Base */ = {isa = PBXFileReference; lastKnownFileType = file.storyboard; name = Base; path = Base.lproj/Interface.storyboard; sourceTree = "<group>"; };
		44D0F3F41B0BDAB90030CAE2 /* Images.xcassets */ = {isa = PBXFileReference; lastKnownFileType = folder.assetcatalog; path = Images.xcassets; sourceTree = "<group>"; };
		44D0F4001B0BDD910030CAE2 /* MW WatchKit App-Bridging-Header.h */ = {isa = PBXFileReference; lastKnownFileType = sourcecode.c.h; path = "MW WatchKit App-Bridging-Header.h"; sourceTree = "<group>"; };
		44D3089E1ACB32350000F435 /* ApiData.swift */ = {isa = PBXFileReference; fileEncoding = 4; lastKnownFileType = sourcecode.swift; path = ApiData.swift; sourceTree = "<group>"; };
		44D308A01ACB323D0000F435 /* LogInViewController.swift */ = {isa = PBXFileReference; fileEncoding = 4; lastKnownFileType = sourcecode.swift; path = LogInViewController.swift; sourceTree = "<group>"; };
		44D308A21ACB32450000F435 /* SweetAlert copy.swift */ = {isa = PBXFileReference; fileEncoding = 4; lastKnownFileType = sourcecode.swift; path = "SweetAlert copy.swift"; sourceTree = "<group>"; };
		44D308A41ACB324E0000F435 /* SwiftyJSON.swift */ = {isa = PBXFileReference; fileEncoding = 4; lastKnownFileType = sourcecode.swift; path = SwiftyJSON.swift; sourceTree = "<group>"; };
		44D308A61ACB32560000F435 /* DataManager.swift */ = {isa = PBXFileReference; fileEncoding = 4; lastKnownFileType = sourcecode.swift; path = DataManager.swift; sourceTree = "<group>"; };
		44DFBAAE1AD7731E00DDA8AB /* FeedViewDelegate.swift */ = {isa = PBXFileReference; fileEncoding = 4; lastKnownFileType = sourcecode.swift; path = FeedViewDelegate.swift; sourceTree = "<group>"; };
		7E375FC571E426EA4D919A0A /* libPods.a */ = {isa = PBXFileReference; explicitFileType = archive.ar; includeInIndex = 0; path = libPods.a; sourceTree = BUILT_PRODUCTS_DIR; };
		AD37E3AB1AEAAF2C0051B737 /* AddEventViewController.swift */ = {isa = PBXFileReference; fileEncoding = 4; lastKnownFileType = sourcecode.swift; path = AddEventViewController.swift; sourceTree = "<group>"; };
		AD6771161ADB588600E5BF7F /* MW-Bridging-Header.h */ = {isa = PBXFileReference; lastKnownFileType = sourcecode.c.h; name = "MW-Bridging-Header.h"; path = "../MW-Bridging-Header.h"; sourceTree = "<group>"; };
		AD6771171ADB588700E5BF7F /* AWS.m */ = {isa = PBXFileReference; fileEncoding = 4; lastKnownFileType = sourcecode.c.objc; path = AWS.m; sourceTree = "<group>"; };
		AD85DC5E1AD452C400D6E369 /* EventsManager.swift */ = {isa = PBXFileReference; fileEncoding = 4; lastKnownFileType = sourcecode.swift; path = EventsManager.swift; sourceTree = "<group>"; };
		AD85DC601AD45F2800D6E369 /* EventsCell.swift */ = {isa = PBXFileReference; fileEncoding = 4; lastKnownFileType = sourcecode.swift; path = EventsCell.swift; sourceTree = "<group>"; };
		AD97B1341AD2C06B007645C1 /* EventsTableViewController.swift */ = {isa = PBXFileReference; fileEncoding = 4; lastKnownFileType = sourcecode.swift; path = EventsTableViewController.swift; sourceTree = "<group>"; };
		BE5A232D71C1A13AE8FD8A71 /* Pods.debug.xcconfig */ = {isa = PBXFileReference; includeInIndex = 1; lastKnownFileType = text.xcconfig; name = Pods.debug.xcconfig; path = "Pods/Target Support Files/Pods/Pods.debug.xcconfig"; sourceTree = "<group>"; };
/* End PBXFileReference section */

/* Begin PBXFrameworksBuildPhase section */
		012C27BD1AAB7CEE0024F5C3 /* Frameworks */ = {
			isa = PBXFrameworksBuildPhase;
			buildActionMask = 2147483647;
			files = (
				09D698A591F3D8F3224F63C1 /* libPods.a in Frameworks */,
			);
			runOnlyForDeploymentPostprocessing = 0;
		};
		012C27D41AAB7CEE0024F5C3 /* Frameworks */ = {
			isa = PBXFrameworksBuildPhase;
			buildActionMask = 2147483647;
			files = (
			);
			runOnlyForDeploymentPostprocessing = 0;
		};
		44D0F3DD1B0BDAB80030CAE2 /* Frameworks */ = {
			isa = PBXFrameworksBuildPhase;
			buildActionMask = 2147483647;
			files = (
			);
			runOnlyForDeploymentPostprocessing = 0;
		};
/* End PBXFrameworksBuildPhase section */

/* Begin PBXGroup section */
		012C27B71AAB7CEE0024F5C3 = {
			isa = PBXGroup;
			children = (
				012C27C21AAB7CEE0024F5C3 /* MusiciansWanted */,
				012C27DA1AAB7CEE0024F5C3 /* MusiciansWantedTests */,
				44D0F3E11B0BDAB80030CAE2 /* MW WatchKit Extension */,
				44D0F3EE1B0BDAB90030CAE2 /* MW WatchKit App */,
				012C27C11AAB7CEE0024F5C3 /* Products */,
				9205962C6474830AA9D121C0 /* Pods */,
				6B2CFBC85545EC1279FC29BA /* Frameworks */,
			);
			sourceTree = "<group>";
		};
		012C27C11AAB7CEE0024F5C3 /* Products */ = {
			isa = PBXGroup;
			children = (
				012C27C01AAB7CEE0024F5C3 /* MW.app */,
				012C27D71AAB7CEE0024F5C3 /* MWTests.xctest */,
				44D0F3E01B0BDAB80030CAE2 /* MW WatchKit Extension.appex */,
				44D0F3EA1B0BDAB90030CAE2 /* MW WatchKit App.app */,
			);
			name = Products;
			sourceTree = "<group>";
		};
		012C27C21AAB7CEE0024F5C3 /* MusiciansWanted */ = {
			isa = PBXGroup;
			children = (
				AD6771171ADB588700E5BF7F /* AWS.m */,
				012C27C51AAB7CEE0024F5C3 /* AppDelegate.swift */,
				44C06A661AD5790D004E88D7 /* Navigation */,
				44C06A651AD578F8004E88D7 /* Login */,
				44C06A641AD578D0004E88D7 /* Support */,
				01FCDE7E1ACEFE3A002F3A56 /* News Feed */,
				01FCDE7F1ACEFE53002F3A56 /* People */,
				01FCDE801ACEFE6F002F3A56 /* Inbox */,
				01FCDE811ACEFE79002F3A56 /* Events */,
				01FCDE821ACEFE87002F3A56 /* Profile */,
				012C27CB1AAB7CEE0024F5C3 /* Main.storyboard */,
				012C27CE1AAB7CEE0024F5C3 /* Images.xcassets */,
				012C27D01AAB7CEE0024F5C3 /* LaunchScreen.xib */,
				AD6771161ADB588600E5BF7F /* MW-Bridging-Header.h */,
				012C27C31AAB7CEE0024F5C3 /* Supporting Files */,
			);
			path = MusiciansWanted;
			sourceTree = "<group>";
		};
		012C27C31AAB7CEE0024F5C3 /* Supporting Files */ = {
			isa = PBXGroup;
			children = (
				012C27C41AAB7CEE0024F5C3 /* Info.plist */,
			);
			name = "Supporting Files";
			sourceTree = "<group>";
		};
		012C27DA1AAB7CEE0024F5C3 /* MusiciansWantedTests */ = {
			isa = PBXGroup;
			children = (
				012C27DD1AAB7CEE0024F5C3 /* MusiciansWantedTests.swift */,
				012C27DB1AAB7CEE0024F5C3 /* Supporting Files */,
			);
			path = MusiciansWantedTests;
			sourceTree = "<group>";
		};
		012C27DB1AAB7CEE0024F5C3 /* Supporting Files */ = {
			isa = PBXGroup;
			children = (
				012C27DC1AAB7CEE0024F5C3 /* Info.plist */,
			);
			name = "Supporting Files";
			sourceTree = "<group>";
		};
		01FCDE7E1ACEFE3A002F3A56 /* News Feed */ = {
			isa = PBXGroup;
			children = (
				442E54EF1AE1979300718014 /* FeedTableViewController.swift */,
				44C1CE751B179855006D2C29 /* FeedSettingsTableViewController.swift */,
				446ED1F11B0922C500855F58 /* MusicianRequestTableViewController.swift */,
				444951C11AD71B3D0013A4DD /* FeedViewDataManager.swift */,
				44DFBAAE1AD7731E00DDA8AB /* FeedViewDelegate.swift */,
				444951C31AD72B420013A4DD /* Notification.swift */,
				444951BF1AD719640013A4DD /* FeedViewTableCell.swift */,
			);
			name = "News Feed";
			sourceTree = "<group>";
		};
		01FCDE7F1ACEFE53002F3A56 /* People */ = {
			isa = PBXGroup;
			children = (
				010AEBD01ACE239D0066E4FA /* PeopleTableViewController.swift */,
				01EA06421B0810FC00DBD350 /* GenreCell.swift */,
				0147AFF61B0897AA00674CD4 /* InstruCell.swift */,
				0104A50F1AD837E800173F96 /* PeopleDelegate.swift */,
				01153FA51AB2980100B96401 /* PeopleSettingsViewController.swift */,
				010AEBCF1ACE239D0066E4FA /* PeopleManager.swift */,
				010AEBCE1ACE239D0066E4FA /* PeopleCell.swift */,
				4434D3DD1AD9D02400344B04 /* PersonViewController.swift */,
			);
			name = People;
			sourceTree = "<group>";
		};
		01FCDE801ACEFE6F002F3A56 /* Inbox */ = {
			isa = PBXGroup;
			children = (
				01B594151AB35B090044AA16 /* InboxManager.swift */,
				01FCDE831ACF0500002F3A56 /* InboxTableViewController.swift */,
				01A4FA5E1B0EB039002CA0C0 /* NewMessageViewController.swift */,
				01A4FA641B0EFA50002CA0C0 /* SelectContactsViewController.swift */,
				01A4FA601B0EB384002CA0C0 /* ToContactCell.swift */,
				01FCDE851ACF05EA002F3A56 /* InboxCell.swift */,
				01EF02971B0B2BD0002227F9 /* MessageBubbleCell.swift */,
				012EDCDC1B0C1B9600E4DB72 /* MessageDelegate.swift */,
				012EDCD81B0BC19800E4DB72 /* MessagesViewController.swift */,
				012EDCDA1B0C1AD300E4DB72 /* MessageManager.swift */,
			);
			name = Inbox;
			sourceTree = "<group>";
		};
		01FCDE811ACEFE79002F3A56 /* Events */ = {
			isa = PBXGroup;
			children = (
				AD37E3AB1AEAAF2C0051B737 /* AddEventViewController.swift */,
				AD97B1341AD2C06B007645C1 /* EventsTableViewController.swift */,
				014C5C091AD97645008680D0 /* EventsDelegate.swift */,
				AD85DC5E1AD452C400D6E369 /* EventsManager.swift */,
				AD85DC601AD45F2800D6E369 /* EventsCell.swift */,
				014A67311ADAD18300729E82 /* EventViewController.swift */,
				44C1D5591ADCA375006388E5 /* EventMapViewController.swift */,
				44C1D55B1ADCAFD5006388E5 /* EventMapData.swift */,
			);
			name = Events;
			sourceTree = "<group>";
		};
		01FCDE821ACEFE87002F3A56 /* Profile */ = {
			isa = PBXGroup;
			children = (
				44470F541AC884F30077B042 /* EditProfileViewController.swift */,
				01266BC11AB0F03F003D2354 /* ProfileViewController.swift */,
				44CFD5221AE73F7900E536F3 /* ContactsDataManager.swift */,
				44CFD5241AE73F9600E536F3 /* Contact.swift */,
				44CFD5261AE7407900E536F3 /* ContactTableDelegate.swift */,
			);
			name = Profile;
			sourceTree = "<group>";
		};
		44C06A641AD578D0004E88D7 /* Support */ = {
			isa = PBXGroup;
			children = (
				44D3089E1ACB32350000F435 /* ApiData.swift */,
				0108DD871B0B06FC00EBF185 /* Constants.swift */,
				44D308A61ACB32560000F435 /* DataManager.swift */,
				44C1CE771B17A478006D2C29 /* PriorityQueue.swift */,
				44C1CE791B17A579006D2C29 /* redblacktree.swift */,
				44D308A21ACB32450000F435 /* SweetAlert copy.swift */,
				44D308A41ACB324E0000F435 /* SwiftyJSON.swift */,
				44566E861ACB4E3200D9F6A4 /* Toucan.swift */,
			);
			name = Support;
			sourceTree = "<group>";
		};
		44C06A651AD578F8004E88D7 /* Login */ = {
			isa = PBXGroup;
			children = (
				44D308A01ACB323D0000F435 /* LogInViewController.swift */,
			);
			name = Login;
			sourceTree = "<group>";
		};
		44C06A661AD5790D004E88D7 /* Navigation */ = {
			isa = PBXGroup;
			children = (
				01F50F921AB20E4300FE9051 /* GlobalTabBarController.swift */,
			);
			name = Navigation;
			sourceTree = "<group>";
		};
		44D0F3E11B0BDAB80030CAE2 /* MW WatchKit Extension */ = {
			isa = PBXGroup;
			children = (
				44D0F3E61B0BDAB80030CAE2 /* Images.xcassets */,
				44D0F3E21B0BDAB80030CAE2 /* Supporting Files */,
				444452F41B0D0842000BD5B1 /* EventsInterfaceController.swift */,
				44A2CF141B0D2155000856C1 /* EventRow.swift */,
				449935CA1B123FB500467B0B /* PersonRow.swift */,
				449935CC1B12404F00467B0B /* PeopleInterfaceController.swift */,
			);
			path = "MW WatchKit Extension";
			sourceTree = "<group>";
		};
		44D0F3E21B0BDAB80030CAE2 /* Supporting Files */ = {
			isa = PBXGroup;
			children = (
				44D0F3E31B0BDAB80030CAE2 /* Info.plist */,
			);
			name = "Supporting Files";
			sourceTree = "<group>";
		};
		44D0F3EE1B0BDAB90030CAE2 /* MW WatchKit App */ = {
			isa = PBXGroup;
			children = (
				44D0F3F11B0BDAB90030CAE2 /* Interface.storyboard */,
				44D0F3F41B0BDAB90030CAE2 /* Images.xcassets */,
				44D0F3EF1B0BDAB90030CAE2 /* Supporting Files */,
				44D0F4001B0BDD910030CAE2 /* MW WatchKit App-Bridging-Header.h */,
			);
			path = "MW WatchKit App";
			sourceTree = "<group>";
		};
		44D0F3EF1B0BDAB90030CAE2 /* Supporting Files */ = {
			isa = PBXGroup;
			children = (
				44D0F3F01B0BDAB90030CAE2 /* Info.plist */,
			);
			name = "Supporting Files";
			sourceTree = "<group>";
		};
		6B2CFBC85545EC1279FC29BA /* Frameworks */ = {
			isa = PBXGroup;
			children = (
				7E375FC571E426EA4D919A0A /* libPods.a */,
			);
			name = Frameworks;
			sourceTree = "<group>";
		};
		9205962C6474830AA9D121C0 /* Pods */ = {
			isa = PBXGroup;
			children = (
				BE5A232D71C1A13AE8FD8A71 /* Pods.debug.xcconfig */,
				0E65F3C837786026AA6D9712 /* Pods.release.xcconfig */,
			);
			name = Pods;
			sourceTree = "<group>";
		};
/* End PBXGroup section */

/* Begin PBXNativeTarget section */
		012C27BF1AAB7CEE0024F5C3 /* MW */ = {
			isa = PBXNativeTarget;
			buildConfigurationList = 012C27E11AAB7CEE0024F5C3 /* Build configuration list for PBXNativeTarget "MW" */;
			buildPhases = (
				D144CA2C3E05E6A1892E4297 /* Check Pods Manifest.lock */,
				012C27BC1AAB7CEE0024F5C3 /* Sources */,
				012C27BD1AAB7CEE0024F5C3 /* Frameworks */,
				012C27BE1AAB7CEE0024F5C3 /* Resources */,
				7729AF9D6537FD4DA9B4580F /* Copy Pods Resources */,
				44D0F3FF1B0BDAB90030CAE2 /* Embed App Extensions */,
			);
			buildRules = (
			);
			dependencies = (
				44D0F3F71B0BDAB90030CAE2 /* PBXTargetDependency */,
			);
			name = MW;
			productName = MusiciansWanted;
			productReference = 012C27C01AAB7CEE0024F5C3 /* MW.app */;
			productType = "com.apple.product-type.application";
		};
		012C27D61AAB7CEE0024F5C3 /* MWTests */ = {
			isa = PBXNativeTarget;
			buildConfigurationList = 012C27E41AAB7CEE0024F5C3 /* Build configuration list for PBXNativeTarget "MWTests" */;
			buildPhases = (
				012C27D31AAB7CEE0024F5C3 /* Sources */,
				012C27D41AAB7CEE0024F5C3 /* Frameworks */,
				012C27D51AAB7CEE0024F5C3 /* Resources */,
			);
			buildRules = (
			);
			dependencies = (
				012C27D91AAB7CEE0024F5C3 /* PBXTargetDependency */,
			);
			name = MWTests;
			productName = MusiciansWantedTests;
			productReference = 012C27D71AAB7CEE0024F5C3 /* MWTests.xctest */;
			productType = "com.apple.product-type.bundle.unit-test";
		};
		44D0F3DF1B0BDAB80030CAE2 /* MW WatchKit Extension */ = {
			isa = PBXNativeTarget;
			buildConfigurationList = 44D0F3FE1B0BDAB90030CAE2 /* Build configuration list for PBXNativeTarget "MW WatchKit Extension" */;
			buildPhases = (
				44D0F3DC1B0BDAB80030CAE2 /* Sources */,
				44D0F3DD1B0BDAB80030CAE2 /* Frameworks */,
				44D0F3DE1B0BDAB80030CAE2 /* Resources */,
			);
			buildRules = (
			);
			dependencies = (
				44D0F3ED1B0BDAB90030CAE2 /* PBXTargetDependency */,
			);
			name = "MW WatchKit Extension";
			productName = "MW WatchKit Extension";
			productReference = 44D0F3E01B0BDAB80030CAE2 /* MW WatchKit Extension.appex */;
			productType = "com.apple.product-type.watchkit-extension";
		};
		44D0F3E91B0BDAB90030CAE2 /* MW WatchKit App */ = {
			isa = PBXNativeTarget;
			buildConfigurationList = 44D0F3FD1B0BDAB90030CAE2 /* Build configuration list for PBXNativeTarget "MW WatchKit App" */;
			buildPhases = (
				44D0F3E81B0BDAB90030CAE2 /* Resources */,
			);
			buildRules = (
			);
			dependencies = (
			);
			name = "MW WatchKit App";
			productName = "MW WatchKit App";
			productReference = 44D0F3EA1B0BDAB90030CAE2 /* MW WatchKit App.app */;
			productType = "com.apple.product-type.application.watchapp";
		};
/* End PBXNativeTarget section */

/* Begin PBXProject section */
		012C27B81AAB7CEE0024F5C3 /* Project object */ = {
			isa = PBXProject;
			attributes = {
				LastUpgradeCheck = 0610;
				ORGANIZATIONNAME = "iOS Team";
				TargetAttributes = {
					012C27BF1AAB7CEE0024F5C3 = {
						CreatedOnToolsVersion = 6.1.1;
						DevelopmentTeam = RCS2VSM2RS;
					};
					012C27D61AAB7CEE0024F5C3 = {
						CreatedOnToolsVersion = 6.1.1;
						TestTargetID = 012C27BF1AAB7CEE0024F5C3;
					};
					44D0F3DF1B0BDAB80030CAE2 = {
						CreatedOnToolsVersion = 6.3.1;
						DevelopmentTeam = RCS2VSM2RS;
					};
					44D0F3E91B0BDAB90030CAE2 = {
						CreatedOnToolsVersion = 6.3.1;
					};
				};
			};
			buildConfigurationList = 012C27BB1AAB7CEE0024F5C3 /* Build configuration list for PBXProject "MW" */;
			compatibilityVersion = "Xcode 3.2";
			developmentRegion = English;
			hasScannedForEncodings = 0;
			knownRegions = (
				en,
				Base,
			);
			mainGroup = 012C27B71AAB7CEE0024F5C3;
			productRefGroup = 012C27C11AAB7CEE0024F5C3 /* Products */;
			projectDirPath = "";
			projectRoot = "";
			targets = (
				012C27BF1AAB7CEE0024F5C3 /* MW */,
				012C27D61AAB7CEE0024F5C3 /* MWTests */,
				44D0F3DF1B0BDAB80030CAE2 /* MW WatchKit Extension */,
				44D0F3E91B0BDAB90030CAE2 /* MW WatchKit App */,
			);
		};
/* End PBXProject section */

/* Begin PBXResourcesBuildPhase section */
		012C27BE1AAB7CEE0024F5C3 /* Resources */ = {
			isa = PBXResourcesBuildPhase;
			buildActionMask = 2147483647;
			files = (
				012C27CD1AAB7CEE0024F5C3 /* Main.storyboard in Resources */,
				012C27D21AAB7CEE0024F5C3 /* LaunchScreen.xib in Resources */,
				012C27CF1AAB7CEE0024F5C3 /* Images.xcassets in Resources */,
			);
			runOnlyForDeploymentPostprocessing = 0;
		};
		012C27D51AAB7CEE0024F5C3 /* Resources */ = {
			isa = PBXResourcesBuildPhase;
			buildActionMask = 2147483647;
			files = (
			);
			runOnlyForDeploymentPostprocessing = 0;
		};
		44D0F3DE1B0BDAB80030CAE2 /* Resources */ = {
			isa = PBXResourcesBuildPhase;
			buildActionMask = 2147483647;
			files = (
				44D0F3EB1B0BDAB90030CAE2 /* MW WatchKit App.app in Resources */,
				44D0F3E71B0BDAB80030CAE2 /* Images.xcassets in Resources */,
			);
			runOnlyForDeploymentPostprocessing = 0;
		};
		44D0F3E81B0BDAB90030CAE2 /* Resources */ = {
			isa = PBXResourcesBuildPhase;
			buildActionMask = 2147483647;
			files = (
				44D0F3F31B0BDAB90030CAE2 /* Interface.storyboard in Resources */,
				44D0F3F51B0BDAB90030CAE2 /* Images.xcassets in Resources */,
			);
			runOnlyForDeploymentPostprocessing = 0;
		};
/* End PBXResourcesBuildPhase section */

/* Begin PBXShellScriptBuildPhase section */
		7729AF9D6537FD4DA9B4580F /* Copy Pods Resources */ = {
			isa = PBXShellScriptBuildPhase;
			buildActionMask = 2147483647;
			files = (
			);
			inputPaths = (
			);
			name = "Copy Pods Resources";
			outputPaths = (
			);
			runOnlyForDeploymentPostprocessing = 0;
			shellPath = /bin/sh;
			shellScript = "\"${SRCROOT}/Pods/Target Support Files/Pods/Pods-resources.sh\"\n";
			showEnvVarsInLog = 0;
		};
		D144CA2C3E05E6A1892E4297 /* Check Pods Manifest.lock */ = {
			isa = PBXShellScriptBuildPhase;
			buildActionMask = 2147483647;
			files = (
			);
			inputPaths = (
			);
			name = "Check Pods Manifest.lock";
			outputPaths = (
			);
			runOnlyForDeploymentPostprocessing = 0;
			shellPath = /bin/sh;
			shellScript = "diff \"${PODS_ROOT}/../Podfile.lock\" \"${PODS_ROOT}/Manifest.lock\" > /dev/null\nif [[ $? != 0 ]] ; then\n    cat << EOM\nerror: The sandbox is not in sync with the Podfile.lock. Run 'pod install' or update your CocoaPods installation.\nEOM\n    exit 1\nfi\n";
			showEnvVarsInLog = 0;
		};
/* End PBXShellScriptBuildPhase section */

/* Begin PBXSourcesBuildPhase section */
		012C27BC1AAB7CEE0024F5C3 /* Sources */ = {
			isa = PBXSourcesBuildPhase;
			buildActionMask = 2147483647;
			files = (
				0147AFF71B0897AA00674CD4 /* InstruCell.swift in Sources */,
				44CFD5251AE73F9600E536F3 /* Contact.swift in Sources */,
				AD85DC5F1AD452C400D6E369 /* EventsManager.swift in Sources */,
				01A4FA5F1B0EB039002CA0C0 /* NewMessageViewController.swift in Sources */,
				444951C21AD71B3D0013A4DD /* FeedViewDataManager.swift in Sources */,
				44C1CE781B17A478006D2C29 /* PriorityQueue.swift in Sources */,
				444951C41AD72B420013A4DD /* Notification.swift in Sources */,
				01EF02981B0B2BD0002227F9 /* MessageBubbleCell.swift in Sources */,
				01A4FA651B0EFA50002CA0C0 /* SelectContactsViewController.swift in Sources */,
				010AEBD21ACE239D0066E4FA /* PeopleManager.swift in Sources */,
				014A67321ADAD18300729E82 /* EventViewController.swift in Sources */,
				44CFD5271AE7407900E536F3 /* ContactTableDelegate.swift in Sources */,
				44470F551AC884F30077B042 /* EditProfileViewController.swift in Sources */,
				44C1D55C1ADCAFD5006388E5 /* EventMapData.swift in Sources */,
				44C1D55A1ADCA375006388E5 /* EventMapViewController.swift in Sources */,
				01EA06431B0810FC00DBD350 /* GenreCell.swift in Sources */,
				01F50F931AB20E4300FE9051 /* GlobalTabBarController.swift in Sources */,
				44D3089F1ACB32350000F435 /* ApiData.swift in Sources */,
				AD37E3AC1AEAAF2C0051B737 /* AddEventViewController.swift in Sources */,
				01FCDE841ACF0500002F3A56 /* InboxTableViewController.swift in Sources */,
				012EDCD91B0BC19800E4DB72 /* MessagesViewController.swift in Sources */,
				44566E871ACB4E3200D9F6A4 /* Toucan.swift in Sources */,
				44D308A31ACB32450000F435 /* SweetAlert copy.swift in Sources */,
				012EDCDD1B0C1B9600E4DB72 /* MessageDelegate.swift in Sources */,
				012C27C61AAB7CEE0024F5C3 /* AppDelegate.swift in Sources */,
				446ED1F21B0922C500855F58 /* MusicianRequestTableViewController.swift in Sources */,
				442E54F01AE1979300718014 /* FeedTableViewController.swift in Sources */,
				01266BC31AB0F03F003D2354 /* ProfileViewController.swift in Sources */,
				44D308A51ACB324E0000F435 /* SwiftyJSON.swift in Sources */,
				01A4FA611B0EB384002CA0C0 /* ToContactCell.swift in Sources */,
				0108DD881B0B06FC00EBF185 /* Constants.swift in Sources */,
				01153FA61AB2980100B96401 /* PeopleSettingsViewController.swift in Sources */,
				010AEBD31ACE239D0066E4FA /* PeopleTableViewController.swift in Sources */,
				01B594161AB35B090044AA16 /* InboxManager.swift in Sources */,
				AD85DC611AD45F2800D6E369 /* EventsCell.swift in Sources */,
				444951C01AD719640013A4DD /* FeedViewTableCell.swift in Sources */,
				44DFBAAF1AD7731E00DDA8AB /* FeedViewDelegate.swift in Sources */,
				44CFD5231AE73F7900E536F3 /* ContactsDataManager.swift in Sources */,
				0104A5101AD837E800173F96 /* PeopleDelegate.swift in Sources */,
				010AEBD11ACE239D0066E4FA /* PeopleCell.swift in Sources */,
				014C5C0A1AD97645008680D0 /* EventsDelegate.swift in Sources */,
				AD6771181ADB588700E5BF7F /* AWS.m in Sources */,
				01FCDE861ACF05EA002F3A56 /* InboxCell.swift in Sources */,
				44D308A71ACB32560000F435 /* DataManager.swift in Sources */,
				AD97B1351AD2C06B007645C1 /* EventsTableViewController.swift in Sources */,
				44C1CE7A1B17A579006D2C29 /* redblacktree.swift in Sources */,
				44C1CE761B179855006D2C29 /* FeedSettingsTableViewController.swift in Sources */,
				44D308A11ACB323D0000F435 /* LogInViewController.swift in Sources */,
				4434D3DE1AD9D02400344B04 /* PersonViewController.swift in Sources */,
				012EDCDB1B0C1AD300E4DB72 /* MessageManager.swift in Sources */,
			);
			runOnlyForDeploymentPostprocessing = 0;
		};
		012C27D31AAB7CEE0024F5C3 /* Sources */ = {
			isa = PBXSourcesBuildPhase;
			buildActionMask = 2147483647;
			files = (
				012C27DE1AAB7CEE0024F5C3 /* MusiciansWantedTests.swift in Sources */,
			);
			runOnlyForDeploymentPostprocessing = 0;
		};
		44D0F3DC1B0BDAB80030CAE2 /* Sources */ = {
			isa = PBXSourcesBuildPhase;
			buildActionMask = 2147483647;
			files = (
				449935CD1B12404F00467B0B /* PeopleInterfaceController.swift in Sources */,
				444452F71B0D08E5000BD5B1 /* EventsInterfaceController.swift in Sources */,
				449935CB1B123FB500467B0B /* PersonRow.swift in Sources */,
				44A2CF151B0D2155000856C1 /* EventRow.swift in Sources */,
			);
			runOnlyForDeploymentPostprocessing = 0;
		};
/* End PBXSourcesBuildPhase section */

/* Begin PBXTargetDependency section */
		012C27D91AAB7CEE0024F5C3 /* PBXTargetDependency */ = {
			isa = PBXTargetDependency;
			target = 012C27BF1AAB7CEE0024F5C3 /* MW */;
			targetProxy = 012C27D81AAB7CEE0024F5C3 /* PBXContainerItemProxy */;
		};
		44D0F3ED1B0BDAB90030CAE2 /* PBXTargetDependency */ = {
			isa = PBXTargetDependency;
			target = 44D0F3E91B0BDAB90030CAE2 /* MW WatchKit App */;
			targetProxy = 44D0F3EC1B0BDAB90030CAE2 /* PBXContainerItemProxy */;
		};
		44D0F3F71B0BDAB90030CAE2 /* PBXTargetDependency */ = {
			isa = PBXTargetDependency;
			target = 44D0F3DF1B0BDAB80030CAE2 /* MW WatchKit Extension */;
			targetProxy = 44D0F3F61B0BDAB90030CAE2 /* PBXContainerItemProxy */;
		};
/* End PBXTargetDependency section */

/* Begin PBXVariantGroup section */
		012C27CB1AAB7CEE0024F5C3 /* Main.storyboard */ = {
			isa = PBXVariantGroup;
			children = (
				012C27CC1AAB7CEE0024F5C3 /* Base */,
			);
			name = Main.storyboard;
			sourceTree = "<group>";
		};
		012C27D01AAB7CEE0024F5C3 /* LaunchScreen.xib */ = {
			isa = PBXVariantGroup;
			children = (
				012C27D11AAB7CEE0024F5C3 /* Base */,
			);
			name = LaunchScreen.xib;
			sourceTree = "<group>";
		};
		44D0F3F11B0BDAB90030CAE2 /* Interface.storyboard */ = {
			isa = PBXVariantGroup;
			children = (
				44D0F3F21B0BDAB90030CAE2 /* Base */,
			);
			name = Interface.storyboard;
			sourceTree = "<group>";
		};
/* End PBXVariantGroup section */

/* Begin XCBuildConfiguration section */
		012C27DF1AAB7CEE0024F5C3 /* Debug */ = {
			isa = XCBuildConfiguration;
			buildSettings = {
				ALWAYS_SEARCH_USER_PATHS = NO;
				CLANG_CXX_LANGUAGE_STANDARD = "gnu++0x";
				CLANG_CXX_LIBRARY = "libc++";
				CLANG_ENABLE_MODULES = YES;
				CLANG_ENABLE_OBJC_ARC = YES;
				CLANG_WARN_BOOL_CONVERSION = YES;
				CLANG_WARN_CONSTANT_CONVERSION = YES;
				CLANG_WARN_DIRECT_OBJC_ISA_USAGE = YES_ERROR;
				CLANG_WARN_EMPTY_BODY = YES;
				CLANG_WARN_ENUM_CONVERSION = YES;
				CLANG_WARN_INT_CONVERSION = YES;
				CLANG_WARN_OBJC_ROOT_CLASS = YES_ERROR;
				CLANG_WARN_UNREACHABLE_CODE = YES;
				CLANG_WARN__DUPLICATE_METHOD_MATCH = YES;
				"CODE_SIGN_IDENTITY[sdk=iphoneos*]" = "iPhone Developer";
				COPY_PHASE_STRIP = NO;
				ENABLE_STRICT_OBJC_MSGSEND = YES;
				GCC_C_LANGUAGE_STANDARD = gnu99;
				GCC_DYNAMIC_NO_PIC = NO;
				GCC_OPTIMIZATION_LEVEL = 0;
				GCC_PREPROCESSOR_DEFINITIONS = (
					"DEBUG=1",
					"$(inherited)",
				);
				GCC_SYMBOLS_PRIVATE_EXTERN = NO;
				GCC_WARN_64_TO_32_BIT_CONVERSION = YES;
				GCC_WARN_ABOUT_RETURN_TYPE = YES_ERROR;
				GCC_WARN_UNDECLARED_SELECTOR = YES;
				GCC_WARN_UNINITIALIZED_AUTOS = YES_AGGRESSIVE;
				GCC_WARN_UNUSED_FUNCTION = YES;
				GCC_WARN_UNUSED_VARIABLE = YES;
				IPHONEOS_DEPLOYMENT_TARGET = 8.1;
				MTL_ENABLE_DEBUG_INFO = YES;
				ONLY_ACTIVE_ARCH = YES;
				SDKROOT = iphoneos;
				SWIFT_OPTIMIZATION_LEVEL = "-Onone";
				TARGETED_DEVICE_FAMILY = "1,2";
			};
			name = Debug;
		};
		012C27E01AAB7CEE0024F5C3 /* Release */ = {
			isa = XCBuildConfiguration;
			buildSettings = {
				ALWAYS_SEARCH_USER_PATHS = NO;
				CLANG_CXX_LANGUAGE_STANDARD = "gnu++0x";
				CLANG_CXX_LIBRARY = "libc++";
				CLANG_ENABLE_MODULES = YES;
				CLANG_ENABLE_OBJC_ARC = YES;
				CLANG_WARN_BOOL_CONVERSION = YES;
				CLANG_WARN_CONSTANT_CONVERSION = YES;
				CLANG_WARN_DIRECT_OBJC_ISA_USAGE = YES_ERROR;
				CLANG_WARN_EMPTY_BODY = YES;
				CLANG_WARN_ENUM_CONVERSION = YES;
				CLANG_WARN_INT_CONVERSION = YES;
				CLANG_WARN_OBJC_ROOT_CLASS = YES_ERROR;
				CLANG_WARN_UNREACHABLE_CODE = YES;
				CLANG_WARN__DUPLICATE_METHOD_MATCH = YES;
				"CODE_SIGN_IDENTITY[sdk=iphoneos*]" = "iPhone Developer";
				COPY_PHASE_STRIP = YES;
				ENABLE_NS_ASSERTIONS = NO;
				ENABLE_STRICT_OBJC_MSGSEND = YES;
				GCC_C_LANGUAGE_STANDARD = gnu99;
				GCC_WARN_64_TO_32_BIT_CONVERSION = YES;
				GCC_WARN_ABOUT_RETURN_TYPE = YES_ERROR;
				GCC_WARN_UNDECLARED_SELECTOR = YES;
				GCC_WARN_UNINITIALIZED_AUTOS = YES_AGGRESSIVE;
				GCC_WARN_UNUSED_FUNCTION = YES;
				GCC_WARN_UNUSED_VARIABLE = YES;
				IPHONEOS_DEPLOYMENT_TARGET = 8.1;
				MTL_ENABLE_DEBUG_INFO = NO;
				SDKROOT = iphoneos;
				TARGETED_DEVICE_FAMILY = "1,2";
				VALIDATE_PRODUCT = YES;
			};
			name = Release;
		};
		012C27E21AAB7CEE0024F5C3 /* Debug */ = {
			isa = XCBuildConfiguration;
			baseConfigurationReference = BE5A232D71C1A13AE8FD8A71 /* Pods.debug.xcconfig */;
			buildSettings = {
				ASSETCATALOG_COMPILER_APPICON_NAME = AppIcon;
				CLANG_ENABLE_MODULES = YES;
				CODE_SIGN_IDENTITY = "iPhone Developer";
				INFOPLIST_FILE = MusiciansWanted/Info.plist;
				LD_RUNPATH_SEARCH_PATHS = "$(inherited) @executable_path/Frameworks";
				PRODUCT_NAME = MW;
				SWIFT_OBJC_BRIDGING_HEADER = "MW-Bridging-Header.h";
				SWIFT_OPTIMIZATION_LEVEL = "-Onone";
			};
			name = Debug;
		};
		012C27E31AAB7CEE0024F5C3 /* Release */ = {
			isa = XCBuildConfiguration;
			baseConfigurationReference = 0E65F3C837786026AA6D9712 /* Pods.release.xcconfig */;
			buildSettings = {
				ASSETCATALOG_COMPILER_APPICON_NAME = AppIcon;
				CLANG_ENABLE_MODULES = YES;
				CODE_SIGN_IDENTITY = "iPhone Developer";
				INFOPLIST_FILE = MusiciansWanted/Info.plist;
				LD_RUNPATH_SEARCH_PATHS = "$(inherited) @executable_path/Frameworks";
				PRODUCT_NAME = MW;
				SWIFT_OBJC_BRIDGING_HEADER = "MW-Bridging-Header.h";
			};
			name = Release;
		};
		012C27E51AAB7CEE0024F5C3 /* Debug */ = {
			isa = XCBuildConfiguration;
			buildSettings = {
				BUNDLE_LOADER = "$(TEST_HOST)";
				FRAMEWORK_SEARCH_PATHS = (
					"$(SDKROOT)/Developer/Library/Frameworks",
					"$(inherited)",
				);
				GCC_PREPROCESSOR_DEFINITIONS = (
					"DEBUG=1",
					"$(inherited)",
				);
				INFOPLIST_FILE = MusiciansWantedTests/Info.plist;
				LD_RUNPATH_SEARCH_PATHS = "$(inherited) @executable_path/Frameworks @loader_path/Frameworks";
				PRODUCT_NAME = MWTests;
				TEST_HOST = "$(BUILT_PRODUCTS_DIR)/MW.app/MW";
			};
			name = Debug;
		};
		012C27E61AAB7CEE0024F5C3 /* Release */ = {
			isa = XCBuildConfiguration;
			buildSettings = {
				BUNDLE_LOADER = "$(TEST_HOST)";
				FRAMEWORK_SEARCH_PATHS = (
					"$(SDKROOT)/Developer/Library/Frameworks",
					"$(inherited)",
				);
				INFOPLIST_FILE = MusiciansWantedTests/Info.plist;
				LD_RUNPATH_SEARCH_PATHS = "$(inherited) @executable_path/Frameworks @loader_path/Frameworks";
				PRODUCT_NAME = MWTests;
				TEST_HOST = "$(BUILT_PRODUCTS_DIR)/MW.app/MW";
			};
			name = Release;
		};
		44D0F3F91B0BDAB90030CAE2 /* Debug */ = {
			isa = XCBuildConfiguration;
			buildSettings = {
				CODE_SIGN_IDENTITY = "iPhone Developer";
				DEBUG_INFORMATION_FORMAT = "dwarf-with-dsym";
				GCC_NO_COMMON_BLOCKS = YES;
				GCC_PREPROCESSOR_DEFINITIONS = (
					"DEBUG=1",
					"$(inherited)",
				);
				INFOPLIST_FILE = "MW WatchKit Extension/Info.plist";
				IPHONEOS_DEPLOYMENT_TARGET = 8.2;
				LD_RUNPATH_SEARCH_PATHS = "$(inherited) @executable_path/Frameworks @executable_path/../../Frameworks";
				PRODUCT_NAME = "${TARGET_NAME}";
				SKIP_INSTALL = YES;
			};
			name = Debug;
		};
		44D0F3FA1B0BDAB90030CAE2 /* Release */ = {
			isa = XCBuildConfiguration;
			buildSettings = {
				CODE_SIGN_IDENTITY = "iPhone Developer";
				COPY_PHASE_STRIP = NO;
				DEBUG_INFORMATION_FORMAT = "dwarf-with-dsym";
				GCC_NO_COMMON_BLOCKS = YES;
				INFOPLIST_FILE = "MW WatchKit Extension/Info.plist";
				IPHONEOS_DEPLOYMENT_TARGET = 8.2;
				LD_RUNPATH_SEARCH_PATHS = "$(inherited) @executable_path/Frameworks @executable_path/../../Frameworks";
				PRODUCT_NAME = "${TARGET_NAME}";
				SKIP_INSTALL = YES;
			};
			name = Release;
		};
		44D0F3FB1B0BDAB90030CAE2 /* Debug */ = {
			isa = XCBuildConfiguration;
			buildSettings = {
				ASSETCATALOG_COMPILER_APPICON_NAME = AppIcon;
				CLANG_ENABLE_MODULES = YES;
				DEBUG_INFORMATION_FORMAT = "dwarf-with-dsym";
				GCC_NO_COMMON_BLOCKS = YES;
				GCC_PREPROCESSOR_DEFINITIONS = (
					"DEBUG=1",
					"$(inherited)",
				);
				IBSC_MODULE = MW_WatchKit_Extension;
				INFOPLIST_FILE = "MW WatchKit App/Info.plist";
				IPHONEOS_DEPLOYMENT_TARGET = 8.2;
				LD_RUNPATH_SEARCH_PATHS = "$(inherited) @executable_path/Frameworks @loader_path/Frameworks";
				PRODUCT_NAME = "$(TARGET_NAME)";
				SKIP_INSTALL = YES;
				SWIFT_OBJC_BRIDGING_HEADER = "MW WatchKit App/MW WatchKit App-Bridging-Header.h";
				SWIFT_OPTIMIZATION_LEVEL = "-Onone";
				TARGETED_DEVICE_FAMILY = 4;
				"TARGETED_DEVICE_FAMILY[sdk=iphonesimulator*]" = "1,4";
			};
			name = Debug;
		};
		44D0F3FC1B0BDAB90030CAE2 /* Release */ = {
			isa = XCBuildConfiguration;
			buildSettings = {
				ASSETCATALOG_COMPILER_APPICON_NAME = AppIcon;
				CLANG_ENABLE_MODULES = YES;
				COPY_PHASE_STRIP = NO;
				DEBUG_INFORMATION_FORMAT = "dwarf-with-dsym";
				GCC_NO_COMMON_BLOCKS = YES;
				IBSC_MODULE = MW_WatchKit_Extension;
				INFOPLIST_FILE = "MW WatchKit App/Info.plist";
				IPHONEOS_DEPLOYMENT_TARGET = 8.2;
				LD_RUNPATH_SEARCH_PATHS = "$(inherited) @executable_path/Frameworks @loader_path/Frameworks";
				PRODUCT_NAME = "$(TARGET_NAME)";
				SKIP_INSTALL = YES;
				SWIFT_OBJC_BRIDGING_HEADER = "MW WatchKit App/MW WatchKit App-Bridging-Header.h";
				TARGETED_DEVICE_FAMILY = 4;
				"TARGETED_DEVICE_FAMILY[sdk=iphonesimulator*]" = "1,4";
			};
			name = Release;
		};
/* End XCBuildConfiguration section */

/* Begin XCConfigurationList section */
		012C27BB1AAB7CEE0024F5C3 /* Build configuration list for PBXProject "MW" */ = {
			isa = XCConfigurationList;
			buildConfigurations = (
				012C27DF1AAB7CEE0024F5C3 /* Debug */,
				012C27E01AAB7CEE0024F5C3 /* Release */,
			);
			defaultConfigurationIsVisible = 0;
			defaultConfigurationName = Release;
		};
		012C27E11AAB7CEE0024F5C3 /* Build configuration list for PBXNativeTarget "MW" */ = {
			isa = XCConfigurationList;
			buildConfigurations = (
				012C27E21AAB7CEE0024F5C3 /* Debug */,
				012C27E31AAB7CEE0024F5C3 /* Release */,
			);
			defaultConfigurationIsVisible = 0;
			defaultConfigurationName = Release;
		};
		012C27E41AAB7CEE0024F5C3 /* Build configuration list for PBXNativeTarget "MWTests" */ = {
			isa = XCConfigurationList;
			buildConfigurations = (
				012C27E51AAB7CEE0024F5C3 /* Debug */,
				012C27E61AAB7CEE0024F5C3 /* Release */,
			);
			defaultConfigurationIsVisible = 0;
			defaultConfigurationName = Release;
		};
		44D0F3FD1B0BDAB90030CAE2 /* Build configuration list for PBXNativeTarget "MW WatchKit App" */ = {
			isa = XCConfigurationList;
			buildConfigurations = (
				44D0F3FB1B0BDAB90030CAE2 /* Debug */,
				44D0F3FC1B0BDAB90030CAE2 /* Release */,
			);
			defaultConfigurationIsVisible = 0;
			defaultConfigurationName = Release;
		};
		44D0F3FE1B0BDAB90030CAE2 /* Build configuration list for PBXNativeTarget "MW WatchKit Extension" */ = {
			isa = XCConfigurationList;
			buildConfigurations = (
				44D0F3F91B0BDAB90030CAE2 /* Debug */,
				44D0F3FA1B0BDAB90030CAE2 /* Release */,
			);
			defaultConfigurationIsVisible = 0;
			defaultConfigurationName = Release;
		};
/* End XCConfigurationList section */
	};
	rootObject = 012C27B81AAB7CEE0024F5C3 /* Project object */;
}
